
Microsoft Visual Studio Solution File, Format Version 12.00
# Visual Studio Version 18
VisualStudioVersion = 18.3.11520.95
MinimumVisualStudioVersion = 10.0.40219.1
Project("{2150E333-8FDC-42A3-9474-1A3956D46DE8}") = "src", "src", "{827E0CD3-B72D-47B6-A68D-7590B98EB39B}"
EndProject
Project("{FAE04EC0-301F-11D3-BF4B-00C04F79EFBC}") = "MotionStudio.Core", "src\MotionStudio.Core\MotionStudio.Core.csproj", "{0266E73A-BFAA-4379-B146-88734C26A916}"
EndProject
Project("{FAE04EC0-301F-11D3-BF4B-00C04F79EFBC}") = "MotionStudio.Motion", "src\MotionStudio.Motion\MotionStudio.Motion.csproj", "{88EB1D8B-91A7-4828-B5BC-0B39B4EADA2F}"
EndProject
Project("{FAE04EC0-301F-11D3-BF4B-00C04F79EFBC}") = "MotionStudio.Modules.BuiltIn", "src\MotionStudio.Modules.BuiltIn\MotionStudio.Modules.BuiltIn.csproj", "{9B95D607-862A-4B12-883F-7987EF04260A}"
EndProject
Project("{FAE04EC0-301F-11D3-BF4B-00C04F79EFBC}") = "MotionStudio.Plugins", "src\MotionStudio.Plugins\MotionStudio.Plugins.csproj", "{38A50A23-F372-48D2-9E50-594B36285272}"
EndProject
Project("{FAE04EC0-301F-11D3-BF4B-00C04F79EFBC}") = "MotionStudio.App", "src\MotionStudio.App\MotionStudio.App.csproj", "{BEF4D658-1E58-4D83-9489-C3BBDE34FB0B}"
EndProject
Global
	GlobalSection(SolutionConfigurationPlatforms) = preSolution
		Debug|Any CPU = Debug|Any CPU
		Debug|x64 = Debug|x64
		Debug|x86 = Debug|x86
		Release|Any CPU = Release|Any CPU
		Release|x64 = Release|x64
		Release|x86 = Release|x86
	EndGlobalSection
	GlobalSection(ProjectConfigurationPlatforms) = postSolution
		{0266E73A-BFAA-4379-B146-88734C26A916}.Debug|Any CPU.ActiveCfg = Debug|Any CPU
		{0266E73A-BFAA-4379-B146-88734C26A916}.Debug|Any CPU.Build.0 = Debug|Any CPU
		{0266E73A-BFAA-4379-B146-88734C26A916}.Debug|x64.ActiveCfg = Debug|x64
		{0266E73A-BFAA-4379-B146-88734C26A916}.Debug|x64.Build.0 = Debug|x64
		{0266E73A-BFAA-4379-B146-88734C26A916}.Debug|x86.ActiveCfg = Debug|Any CPU
		{0266E73A-BFAA-4379-B146-88734C26A916}.Debug|x86.Build.0 = Debug|Any CPU
		{0266E73A-BFAA-4379-B146-88734C26A916}.Release|Any CPU.ActiveCfg = Release|Any CPU
		{0266E73A-BFAA-4379-B146-88734C26A916}.Release|Any CPU.Build.0 = Release|Any CPU
		{0266E73A-BFAA-4379-B146-88734C26A916}.Release|x64.ActiveCfg = Release|Any CPU
		{0266E73A-BFAA-4379-B146-88734C26A916}.Release|x64.Build.0 = Release|Any CPU
		{0266E73A-BFAA-4379-B146-88734C26A916}.Release|x86.ActiveCfg = Release|Any CPU
		{0266E73A-BFAA-4379-B146-88734C26A916}.Release|x86.Build.0 = Release|Any CPU
		{88EB1D8B-91A7-4828-B5BC-0B39B4EADA2F}.Debug|Any CPU.ActiveCfg = Debug|Any CPU
		{88EB1D8B-91A7-4828-B5BC-0B39B4EADA2F}.Debug|Any CPU.Build.0 = Debug|Any CPU
		{88EB1D8B-91A7-4828-B5BC-0B39B4EADA2F}.Debug|x64.ActiveCfg = Debug|x64
		{88EB1D8B-91A7-4828-B5BC-0B39B4EADA2F}.Debug|x64.Build.0 = Debug|x64
		{88EB1D8B-91A7-4828-B5BC-0B39B4EADA2F}.Debug|x86.ActiveCfg = Debug|Any CPU
		{88EB1D8B-91A7-4828-B5BC-0B39B4EADA2F}.Debug|x86.Build.0 = Debug|Any CPU
		{88EB1D8B-91A7-4828-B5BC-0B39B4EADA2F}.Release|Any CPU.ActiveCfg = Release|Any CPU
		{88EB1D8B-91A7-4828-B5BC-0B39B4EADA2F}.Release|Any CPU.Build.0 = Release|Any CPU
		{88EB1D8B-91A7-4828-B5BC-0B39B4EADA2F}.Release|x64.ActiveCfg = Release|Any CPU
		{88EB1D8B-91A7-4828-B5BC-0B39B4EADA2F}.Release|x64.Build.0 = Release|Any CPU
		{88EB1D8B-91A7-4828-B5BC-0B39B4EADA2F}.Release|x86.ActiveCfg = Release|Any CPU
		{88EB1D8B-91A7-4828-B5BC-0B39B4EADA2F}.Release|x86.Build.0 = Release|Any CPU
		{9B95D607-862A-4B12-883F-7987EF04260A}.Debug|Any CPU.ActiveCfg = Debug|Any CPU
		{9B95D607-862A-4B12-883F-7987EF04260A}.Debug|Any CPU.Build.0 = Debug|Any CPU
		{9B95D607-862A-4B12-883F-7987EF04260A}.Debug|x64.ActiveCfg = Debug|x64
		{9B95D607-862A-4B12-883F-7987EF04260A}.Debug|x64.Build.0 = Debug|x64
		{9B95D607-862A-4B12-883F-7987EF04260A}.Debug|x86.ActiveCfg = Debug|Any CPU
		{9B95D607-862A-4B12-883F-7987EF04260A}.Debug|x86.Build.0 = Debug|Any CPU
		{9B95D607-862A-4B12-883F-7987EF04260A}.Release|Any CPU.ActiveCfg = Release|Any CPU
		{9B95D607-862A-4B12-883F-7987EF04260A}.Release|Any CPU.Build.0 = Release|Any CPU
		{9B95D607-862A-4B12-883F-7987EF04260A}.Release|x64.ActiveCfg = Release|Any CPU
		{9B95D607-862A-4B12-883F-7987EF04260A}.Release|x64.Build.0 = Release|Any CPU
		{9B95D607-862A-4B12-883F-7987EF04260A}.Release|x86.ActiveCfg = Release|Any CPU
		{9B95D607-862A-4B12-883F-7987EF04260A}.Release|x86.Build.0 = Release|Any CPU
		{38A50A23-F372-48D2-9E50-594B36285272}.Debug|Any CPU.ActiveCfg = Debug|Any CPU
		{38A50A23-F372-48D2-9E50-594B36285272}.Debug|Any CPU.Build.0 = Debug|Any CPU
		{38A50A23-F372-48D2-9E50-594B36285272}.Debug|x64.ActiveCfg = Debug|x64
		{38A50A23-F372-48D2-9E50-594B36285272}.Debug|x64.Build.0 = Debug|x64
		{38A50A23-F372-48D2-9E50-594B36285272}.Debug|x86.ActiveCfg = Debug|Any CPU
		{38A50A23-F372-48D2-9E50-594B36285272}.Debug|x86.Build.0 = Debug|Any CPU
		{38A50A23-F372-48D2-9E50-594B36285272}.Release|Any CPU.ActiveCfg = Release|Any CPU
		{38A50A23-F372-48D2-9E50-594B36285272}.Release|Any CPU.Build.0 = Release|Any CPU
		{38A50A23-F372-48D2-9E50-594B36285272}.Release|x64.ActiveCfg = Release|Any CPU
		{38A50A23-F372-48D2-9E50-594B36285272}.Release|x64.Build.0 = Release|Any CPU
		{38A50A23-F372-48D2-9E50-594B36285272}.Release|x86.ActiveCfg = Release|Any CPU
		{38A50A23-F372-48D2-9E50-594B36285272}.Release|x86.Build.0 = Release|Any CPU
		{BEF4D658-1E58-4D83-9489-C3BBDE34FB0B}.Debug|Any CPU.ActiveCfg = Debug|Any CPU
		{BEF4D658-1E58-4D83-9489-C3BBDE34FB0B}.Debug|Any CPU.Build.0 = Debug|Any CPU
		{BEF4D658-1E58-4D83-9489-C3BBDE34FB0B}.Debug|x64.ActiveCfg = Debug|x64
		{BEF4D658-1E58-4D83-9489-C3BBDE34FB0B}.Debug|x64.Build.0 = Debug|x64
		{BEF4D658-1E58-4D83-9489-C3BBDE34FB0B}.Debug|x86.ActiveCfg = Debug|Any CPU
		{BEF4D658-1E58-4D83-9489-C3BBDE34FB0B}.Debug|x86.Build.0 = Debug|Any CPU
		{BEF4D658-1E58-4D83-9489-C3BBDE34FB0B}.Release|Any CPU.ActiveCfg = Release|Any CPU
		{BEF4D658-1E58-4D83-9489-C3BBDE34FB0B}.Release|Any CPU.Build.0 = Release|Any CPU
		{BEF4D658-1E58-4D83-9489-C3BBDE34FB0B}.Release|x64.ActiveCfg = Release|Any CPU
		{BEF4D658-1E58-4D83-9489-C3BBDE34FB0B}.Release|x64.Build.0 = Release|Any CPU
		{BEF4D658-1E58-4D83-9489-C3BBDE34FB0B}.Release|x86.ActiveCfg = Release|Any CPU
		{BEF4D658-1E58-4D83-9489-C3BBDE34FB0B}.Release|x86.Build.0 = Release|Any CPU
	EndGlobalSection
	GlobalSection(SolutionProperties) = preSolution
		HideSolutionNode = FALSE
	EndGlobalSection
	GlobalSection(NestedProjects) = preSolution
		{0266E73A-BFAA-4379-B146-88734C26A916} = {827E0CD3-B72D-47B6-A68D-7590B98EB39B}
		{88EB1D8B-91A7-4828-B5BC-0B39B4EADA2F} = {827E0CD3-B72D-47B6-A68D-7590B98EB39B}
		{9B95D607-862A-4B12-883F-7987EF04260A} = {827E0CD3-B72D-47B6-A68D-7590B98EB39B}
		{38A50A23-F372-48D2-9E50-594B36285272} = {827E0CD3-B72D-47B6-A68D-7590B98EB39B}
		{BEF4D658-1E58-4D83-9489-C3BBDE34FB0B} = {827E0CD3-B72D-47B6-A68D-7590B98EB39B}
	EndGlobalSection
	GlobalSection(ExtensibilityGlobals) = postSolution
		SolutionGuid = {111F5F37-5DEE-4AB6-A378-68FE223D3582}
	EndGlobalSection
EndGlobal
